
Microsoft Visual Studio Solution File, Format Version 12.00
# Visual Studio Version 16
VisualStudioVersion = 16.0.31702.278
MinimumVisualStudioVersion = 10.0.40219.1
Project("{FAE04EC0-301F-11D3-BF4B-00C04F79EFBC}") = "Octopus.Core.Loader.WorkerService", "Octopus.Core.WorkerService\Octopus.Core.Loader.WorkerService.csproj", "{010C10CD-E6F4-49EF-A0B8-5494A57FFD42}"
EndProject
Project("{FAE04EC0-301F-11D3-BF4B-00C04F79EFBC}") = "Octopus.Core.Common", "Octopus.Core.Common\Octopus.Core.Common.csproj", "{B32CB8B4-8C2C-4F51-8CFC-54F654742771}"
EndProject
Project("{FAE04EC0-301F-11D3-BF4B-00C04F79EFBC}") = "Octopus.Core.Loader.RabbitMq", "Octopus.Core.Loader.RabbitMq\Octopus.Core.Loader.RabbitMq.csproj", "{4EC0A34E-C842-4F7A-8990-109073E57480}"
EndProject
Global
	GlobalSection(SolutionConfigurationPlatforms) = preSolution
		Debug|Any CPU = Debug|Any CPU
		Release|Any CPU = Release|Any CPU
	EndGlobalSection
	GlobalSection(ProjectConfigurationPlatforms) = postSolution
		{010C10CD-E6F4-49EF-A0B8-5494A57FFD42}.Debug|Any CPU.ActiveCfg = Debug|Any CPU
		{010C10CD-E6F4-49EF-A0B8-5494A57FFD42}.Debug|Any CPU.Build.0 = Debug|Any CPU
		{010C10CD-E6F4-49EF-A0B8-5494A57FFD42}.Release|Any CPU.ActiveCfg = Release|Any CPU
		{010C10CD-E6F4-49EF-A0B8-5494A57FFD42}.Release|Any CPU.Build.0 = Release|Any CPU
		{B32CB8B4-8C2C-4F51-8CFC-54F654742771}.Debug|Any CPU.ActiveCfg = Debug|Any CPU
		{B32CB8B4-8C2C-4F51-8CFC-54F654742771}.Debug|Any CPU.Build.0 = Debug|Any CPU
		{B32CB8B4-8C2C-4F51-8CFC-54F654742771}.Release|Any CPU.ActiveCfg = Release|Any CPU
		{B32CB8B4-8C2C-4F51-8CFC-54F654742771}.Release|Any CPU.Build.0 = Release|Any CPU
		{4EC0A34E-C842-4F7A-8990-109073E57480}.Debug|Any CPU.ActiveCfg = Debug|Any CPU
		{4EC0A34E-C842-4F7A-8990-109073E57480}.Debug|Any CPU.Build.0 = Debug|Any CPU
		{4EC0A34E-C842-4F7A-8990-109073E57480}.Release|Any CPU.ActiveCfg = Release|Any CPU
		{4EC0A34E-C842-4F7A-8990-109073E57480}.Release|Any CPU.Build.0 = Release|Any CPU
	EndGlobalSection
	GlobalSection(SolutionProperties) = preSolution
		HideSolutionNode = FALSE
	EndGlobalSection
	GlobalSection(ExtensibilityGlobals) = postSolution
		SolutionGuid = {D937E79C-E80C-4670-8CC4-7B2965DBF301}
	EndGlobalSection
EndGlobal
